
Microsoft Visual Studio Solution File, Format Version 12.00
# Visual Studio Version 17
VisualStudioVersion = 17.5.33516.290
MinimumVisualStudioVersion = 10.0.40219.1
Project("{FAE04EC0-301F-11D3-BF4B-00C04F79EFBC}") = "ELSFK", "ELSFK\ELSFK.csproj", "{3A4450F7-CBAD-487B-9038-0201436696BD}"
EndProject
Global
	GlobalSection(SolutionConfigurationPlatforms) = preSolution
		Debug|Any CPU = Debug|Any CPU
		Release|Any CPU = Release|Any CPU
	EndGlobalSection
	GlobalSection(ProjectConfigurationPlatforms) = postSolution
		{3A4450F7-CBAD-487B-9038-0201436696BD}.Debug|Any CPU.ActiveCfg = Debug|Any CPU
		{3A4450F7-CBAD-487B-9038-0201436696BD}.Debug|Any CPU.Build.0 = Debug|Any CPU
		{3A4450F7-CBAD-487B-9038-0201436696BD}.Release|Any CPU.ActiveCfg = Release|Any CPU
		{3A4450F7-CBAD-487B-9038-0201436696BD}.Release|Any CPU.Build.0 = Release|Any CPU
	EndGlobalSection
	GlobalSection(SolutionProperties) = preSolution
		HideSolutionNode = FALSE
	EndGlobalSection
	GlobalSection(ExtensibilityGlobals) = postSolution
		SolutionGuid = {C20D1341-9636-42DB-BE0B-D354EA4215EF}
	EndGlobalSection
EndGlobal
